
Microsoft Visual Studio Solution File, Format Version 12.00
# Visual Studio Version 17
VisualStudioVersion = 17.7.34003.232
MinimumVisualStudioVersion = 10.0.40219.1
Project("{9A19103F-16F7-4668-BE54-9A1E7A4F7556}") = "Zurvan.ClientApp", "Zurvan\Zurvan.ClientApp.csproj", "{5D5C0E0D-E17E-42D9-877C-0874B5114B58}"
EndProject
Project("{9A19103F-16F7-4668-BE54-9A1E7A4F7556}") = "Zurvan.DataBase", "Zurvan.DataBase\Zurvan.DataBase.csproj", "{1A529DAB-F31C-4E7E-82BE-314EA857315F}"
EndProject
Project("{9A19103F-16F7-4668-BE54-9A1E7A4F7556}") = "Zurvan.Core", "Zurvan.Core\Zurvan.Core.csproj", "{B4CB7A5F-603B-45FB-950C-E0C24127C36F}"
EndProject
Project("{FAE04EC0-301F-11D3-BF4B-00C04F79EFBC}") = "Zurvan.Test", "Zurvan.Test\Zurvan.Test.csproj", "{DDB60007-01B3-482B-B3F7-C4C65863C31A}"
EndProject
Global
	GlobalSection(SolutionConfigurationPlatforms) = preSolution
		Debug|Any CPU = Debug|Any CPU
		Release|Any CPU = Release|Any CPU
	EndGlobalSection
	GlobalSection(ProjectConfigurationPlatforms) = postSolution
		{5D5C0E0D-E17E-42D9-877C-0874B5114B58}.Debug|Any CPU.ActiveCfg = Debug|Any CPU
		{5D5C0E0D-E17E-42D9-877C-0874B5114B58}.Debug|Any CPU.Build.0 = Debug|Any CPU
		{5D5C0E0D-E17E-42D9-877C-0874B5114B58}.Release|Any CPU.ActiveCfg = Release|Any CPU
		{5D5C0E0D-E17E-42D9-877C-0874B5114B58}.Release|Any CPU.Build.0 = Release|Any CPU
		{1A529DAB-F31C-4E7E-82BE-314EA857315F}.Debug|Any CPU.ActiveCfg = Debug|Any CPU
		{1A529DAB-F31C-4E7E-82BE-314EA857315F}.Debug|Any CPU.Build.0 = Debug|Any CPU
		{1A529DAB-F31C-4E7E-82BE-314EA857315F}.Release|Any CPU.ActiveCfg = Release|Any CPU
		{1A529DAB-F31C-4E7E-82BE-314EA857315F}.Release|Any CPU.Build.0 = Release|Any CPU
		{B4CB7A5F-603B-45FB-950C-E0C24127C36F}.Debug|Any CPU.ActiveCfg = Debug|Any CPU
		{B4CB7A5F-603B-45FB-950C-E0C24127C36F}.Debug|Any CPU.Build.0 = Debug|Any CPU
		{B4CB7A5F-603B-45FB-950C-E0C24127C36F}.Release|Any CPU.ActiveCfg = Release|Any CPU
		{B4CB7A5F-603B-45FB-950C-E0C24127C36F}.Release|Any CPU.Build.0 = Release|Any CPU
		{DDB60007-01B3-482B-B3F7-C4C65863C31A}.Debug|Any CPU.ActiveCfg = Debug|Any CPU
		{DDB60007-01B3-482B-B3F7-C4C65863C31A}.Debug|Any CPU.Build.0 = Debug|Any CPU
		{DDB60007-01B3-482B-B3F7-C4C65863C31A}.Release|Any CPU.ActiveCfg = Release|Any CPU
		{DDB60007-01B3-482B-B3F7-C4C65863C31A}.Release|Any CPU.Build.0 = Release|Any CPU
	EndGlobalSection
	GlobalSection(SolutionProperties) = preSolution
		HideSolutionNode = FALSE
	EndGlobalSection
	GlobalSection(ExtensibilityGlobals) = postSolution
		SolutionGuid = {D265D818-8E76-4728-821D-55036D5373EC}
	EndGlobalSection
EndGlobal
